
Microsoft Visual Studio Solution File, Format Version 12.00
# Visual Studio 15
VisualStudioVersion = 15.0.28307.645
MinimumVisualStudioVersion = 10.0.40219.1
Project("{FAE04EC0-301F-11D3-BF4B-00C04F79EFBC}") = "CassOval", "CassOval\CassOval.csproj", "{6C21A2BF-1FBA-4823-9411-B594FCC92A5B}"
EndProject
Project("{FAE04EC0-301F-11D3-BF4B-00C04F79EFBC}") = "GetYTests", "GetYTests\GetYTests.csproj", "{19ECE400-4EB0-4474-9905-FF5D68C09409}"
EndProject
Global
	GlobalSection(SolutionConfigurationPlatforms) = preSolution
		Debug|Any CPU = Debug|Any CPU
		Release|Any CPU = Release|Any CPU
	EndGlobalSection
	GlobalSection(ProjectConfigurationPlatforms) = postSolution
		{6C21A2BF-1FBA-4823-9411-B594FCC92A5B}.Debug|Any CPU.ActiveCfg = Debug|Any CPU
		{6C21A2BF-1FBA-4823-9411-B594FCC92A5B}.Debug|Any CPU.Build.0 = Debug|Any CPU
		{6C21A2BF-1FBA-4823-9411-B594FCC92A5B}.Release|Any CPU.ActiveCfg = Release|Any CPU
		{6C21A2BF-1FBA-4823-9411-B594FCC92A5B}.Release|Any CPU.Build.0 = Release|Any CPU
		{19ECE400-4EB0-4474-9905-FF5D68C09409}.Debug|Any CPU.ActiveCfg = Debug|Any CPU
		{19ECE400-4EB0-4474-9905-FF5D68C09409}.Debug|Any CPU.Build.0 = Debug|Any CPU
		{19ECE400-4EB0-4474-9905-FF5D68C09409}.Release|Any CPU.ActiveCfg = Release|Any CPU
		{19ECE400-4EB0-4474-9905-FF5D68C09409}.Release|Any CPU.Build.0 = Release|Any CPU
	EndGlobalSection
	GlobalSection(SolutionProperties) = preSolution
		HideSolutionNode = FALSE
	EndGlobalSection
	GlobalSection(ExtensibilityGlobals) = postSolution
		SolutionGuid = {6AE83D5E-ECBC-407D-8E7B-0C4857611947}
	EndGlobalSection
EndGlobal
